
Microsoft Visual Studio Solution File, Format Version 12.00
# Visual Studio Version 16
VisualStudioVersion = 16.0.31112.23
MinimumVisualStudioVersion = 10.0.40219.1
Project("{FAE04EC0-301F-11D3-BF4B-00C04F79EFBC}") = "gth", "gth\gth.csproj", "{DD1D3023-8259-43DB-A943-E2025EFFD08E}"
EndProject
Global
	GlobalSection(SolutionConfigurationPlatforms) = preSolution
		Debug|Any CPU = Debug|Any CPU
		Release|Any CPU = Release|Any CPU
	EndGlobalSection
	GlobalSection(ProjectConfigurationPlatforms) = postSolution
		{DD1D3023-8259-43DB-A943-E2025EFFD08E}.Debug|Any CPU.ActiveCfg = Debug|Any CPU
		{DD1D3023-8259-43DB-A943-E2025EFFD08E}.Debug|Any CPU.Build.0 = Debug|Any CPU
		{DD1D3023-8259-43DB-A943-E2025EFFD08E}.Release|Any CPU.ActiveCfg = Release|Any CPU
		{DD1D3023-8259-43DB-A943-E2025EFFD08E}.Release|Any CPU.Build.0 = Release|Any CPU
	EndGlobalSection
	GlobalSection(SolutionProperties) = preSolution
		HideSolutionNode = FALSE
	EndGlobalSection
	GlobalSection(ExtensibilityGlobals) = postSolution
		SolutionGuid = {B97DB05D-0031-47CB-96BF-8673B59A9252}
	EndGlobalSection
EndGlobal
